
Microsoft Visual Studio Solution File, Format Version 12.00
# Visual Studio Version 17
VisualStudioVersion = 17.4.33213.308
MinimumVisualStudioVersion = 10.0.40219.1
Project("{FAE04EC0-301F-11D3-BF4B-00C04F79EFBC}") = "ETickets", "ETickets\ETickets.csproj", "{DC652734-F66F-4DF7-80C8-8987A1B735BC}"
EndProject
Global
	GlobalSection(SolutionConfigurationPlatforms) = preSolution
		Debug|Any CPU = Debug|Any CPU
		Release|Any CPU = Release|Any CPU
	EndGlobalSection
	GlobalSection(ProjectConfigurationPlatforms) = postSolution
		{DC652734-F66F-4DF7-80C8-8987A1B735BC}.Debug|Any CPU.ActiveCfg = Debug|Any CPU
		{DC652734-F66F-4DF7-80C8-8987A1B735BC}.Debug|Any CPU.Build.0 = Debug|Any CPU
		{DC652734-F66F-4DF7-80C8-8987A1B735BC}.Release|Any CPU.ActiveCfg = Release|Any CPU
		{DC652734-F66F-4DF7-80C8-8987A1B735BC}.Release|Any CPU.Build.0 = Release|Any CPU
	EndGlobalSection
	GlobalSection(SolutionProperties) = preSolution
		HideSolutionNode = FALSE
	EndGlobalSection
	GlobalSection(ExtensibilityGlobals) = postSolution
		SolutionGuid = {93BE0C6E-128D-42C9-9A8E-C01DAB3692CD}
	EndGlobalSection
EndGlobal
